
Microsoft Visual Studio Solution File, Format Version 12.00
# Visual Studio Version 16
VisualStudioVersion = 16.0.30406.217
MinimumVisualStudioVersion = 10.0.40219.1
Project("{FAE04EC0-301F-11D3-BF4B-00C04F79EFBC}") = "Naklinet.UI", "Naklinet.UI\Naklinet.UI.csproj", "{FAD0DED5-1D15-4BB0-ABFC-BA75674D3EC2}"
EndProject
Project("{FAE04EC0-301F-11D3-BF4B-00C04F79EFBC}") = "Naklinet.Domain", "Naklinet.Domain\Naklinet.Domain.csproj", "{95B6E695-3E7D-4043-8759-561325102B0A}"
EndProject
Project("{FAE04EC0-301F-11D3-BF4B-00C04F79EFBC}") = "Naklinet.Repository", "Naklinet.Repository\Naklinet.Repository.csproj", "{369E83A0-3A3B-43B3-B19B-A7AB3E0A3043}"
EndProject
Global
	GlobalSection(SolutionConfigurationPlatforms) = preSolution
		Debug|Any CPU = Debug|Any CPU
		Release|Any CPU = Release|Any CPU
	EndGlobalSection
	GlobalSection(ProjectConfigurationPlatforms) = postSolution
		{FAD0DED5-1D15-4BB0-ABFC-BA75674D3EC2}.Debug|Any CPU.ActiveCfg = Debug|Any CPU
		{FAD0DED5-1D15-4BB0-ABFC-BA75674D3EC2}.Debug|Any CPU.Build.0 = Debug|Any CPU
		{FAD0DED5-1D15-4BB0-ABFC-BA75674D3EC2}.Release|Any CPU.ActiveCfg = Release|Any CPU
		{FAD0DED5-1D15-4BB0-ABFC-BA75674D3EC2}.Release|Any CPU.Build.0 = Release|Any CPU
		{95B6E695-3E7D-4043-8759-561325102B0A}.Debug|Any CPU.ActiveCfg = Debug|Any CPU
		{95B6E695-3E7D-4043-8759-561325102B0A}.Debug|Any CPU.Build.0 = Debug|Any CPU
		{95B6E695-3E7D-4043-8759-561325102B0A}.Release|Any CPU.ActiveCfg = Release|Any CPU
		{95B6E695-3E7D-4043-8759-561325102B0A}.Release|Any CPU.Build.0 = Release|Any CPU
		{369E83A0-3A3B-43B3-B19B-A7AB3E0A3043}.Debug|Any CPU.ActiveCfg = Debug|Any CPU
		{369E83A0-3A3B-43B3-B19B-A7AB3E0A3043}.Debug|Any CPU.Build.0 = Debug|Any CPU
		{369E83A0-3A3B-43B3-B19B-A7AB3E0A3043}.Release|Any CPU.ActiveCfg = Release|Any CPU
		{369E83A0-3A3B-43B3-B19B-A7AB3E0A3043}.Release|Any CPU.Build.0 = Release|Any CPU
	EndGlobalSection
	GlobalSection(SolutionProperties) = preSolution
		HideSolutionNode = FALSE
	EndGlobalSection
	GlobalSection(ExtensibilityGlobals) = postSolution
		SolutionGuid = {0B453842-74B8-4D08-B149-24DA107C957D}
	EndGlobalSection
EndGlobal
